
Microsoft Visual Studio Solution File, Format Version 12.00
# Visual Studio Version 16
VisualStudioVersion = 16.0.30517.126
MinimumVisualStudioVersion = 10.0.40219.1
Project("{FAE04EC0-301F-11D3-BF4B-00C04F79EFBC}") = "Lab1", "Lab1.csproj", "{649DDB76-D530-41D7-ABFC-C59E1DA8AC23}"
EndProject
Global
	GlobalSection(SolutionConfigurationPlatforms) = preSolution
		Debug|Any CPU = Debug|Any CPU
		Release|Any CPU = Release|Any CPU
	EndGlobalSection
	GlobalSection(ProjectConfigurationPlatforms) = postSolution
		{649DDB76-D530-41D7-ABFC-C59E1DA8AC23}.Debug|Any CPU.ActiveCfg = Debug|Any CPU
		{649DDB76-D530-41D7-ABFC-C59E1DA8AC23}.Debug|Any CPU.Build.0 = Debug|Any CPU
		{649DDB76-D530-41D7-ABFC-C59E1DA8AC23}.Release|Any CPU.ActiveCfg = Release|Any CPU
		{649DDB76-D530-41D7-ABFC-C59E1DA8AC23}.Release|Any CPU.Build.0 = Release|Any CPU
	EndGlobalSection
	GlobalSection(SolutionProperties) = preSolution
		HideSolutionNode = FALSE
	EndGlobalSection
	GlobalSection(ExtensibilityGlobals) = postSolution
		SolutionGuid = {0F5BB066-3829-470C-8897-95748804D78D}
	EndGlobalSection
EndGlobal
